<?xml version="1.0" encoding="utf-8"?>
<Project ToolsVersion="4.0" xmlns="http://schemas.microsoft.com/developer/msbuild/2003">
  <ItemGroup>
    <Filter Include="Source Files">
      <UniqueIdentifier>{4FC737F1-C7A5-4376-A066-2A32D752A2FF}</UniqueIdentifier>
      <Extensions>cpp;c;cc;cxx;c++;cppm;ixx;def;odl;idl;hpj;bat;asm;asmx</Extensions>
    </Filter>
    <Filter Include="Header Files">
      <UniqueIdentifier>{93995380-89BD-4b04-88EB-625FBE52EBFB}</UniqueIdentifier>
      <Extensions>h;hh;hpp;hxx;h++;hm;inl;inc;ipp;xsd</Extensions>
    </Filter>
    <Filter Include="Resource Files">
      <UniqueIdentifier>{67DA6AB6-F800-4c08-8B7A-83BB121AAD01}</UniqueIdentifier>
      <Extensions>rc;ico;cur;bmp;dlg;rc2;rct;bin;rgs;gif;jpg;jpeg;jpe;resx;tiff;tif;png;wav;mfcribbon-ms</Extensions>
    </Filter>
  </ItemGroup>
  <ItemGroup>
    <FxCompile Include="legacy\SamplerSample.hlsl" />
    <FxCompile Include="shaders\PBR\Irradiance.hlsl" />
    <FxCompile Include="shaders\PBR\Prefilter.hlsl" />
    <FxCompile Include="shaders\PBR\BRDF_LUT.hlsl" />
  </ItemGroup>
  <ItemGroup>
    <ClInclude Include="src\Window.h">
      <Filter>Header Files</Filter>
    </ClInclude>
    <ClInclude Include="src\Application.h">
      <Filter>Header Files</Filter>
    </ClInclude>
    <ClInclude Include="src\Base.h">
      <Filter>Header Files</Filter>
    </ClInclude>
    <ClInclude Include="src\PCH.h">
      <Filter>Header Files</Filter>
    </ClInclude>
    <ClInclude Include="src\D12Helper.h">
      <Filter>Header Files</Filter>
    </ClInclude>
    <ClInclude Include="src\Delegate.h">
      <Filter>Header Files</Filter>
    </ClInclude>
    <ClInclude Include="src\InputSystem.h">
      <Filter>Header Files</Filter>
    </ClInclude>
    <ClInclude Include="src\render\Mesh.h">
      <Filter>Header Files</Filter>
    </ClInclude>
    <ClInclude Include="src\Math\Vector.h">
      <Filter>Header Files</Filter>
    </ClInclude>
    <ClInclude Include="src\render\Shader.h">
      <Filter>Header Files</Filter>
    </ClInclude>
    <ClInclude Include="src\render\Resource.h">
      <Filter>Header Files</Filter>
    </ClInclude>
    <ClInclude Include="src\render\Renderer.h">
      <Filter>Header Files</Filter>
    </ClInclude>
    <ClInclude Include="src\Math\Matrix.h">
      <Filter>Header Files</Filter>
    </ClInclude>
    <ClInclude Include="src\Math\MMath.h">
      <Filter>Header Files</Filter>
    </ClInclude>
    <ClInclude Include="src\physics\Shape.h">
      <Filter>Header Files</Filter>
    </ClInclude>
    <ClInclude Include="src\physics\Collision.h">
      <Filter>Header Files</Filter>
    </ClInclude>
    <ClInclude Include="src\physics\PhysicsScene.h">
      <Filter>Header Files</Filter>
    </ClInclude>
    <ClInclude Include="src\Math\MathUtility.h">
      <Filter>Header Files</Filter>
    </ClInclude>
    <ClInclude Include="src\Event.h">
      <Filter>Header Files</Filter>
    </ClInclude>
    <ClInclude Include="src\Controller.h">
      <Filter>Header Files</Filter>
    </ClInclude>
    <ClInclude Include="src\FSM.h">
      <Filter>Header Files</Filter>
    </ClInclude>
    <ClInclude Include="src\UI.h">
      <Filter>Header Files</Filter>
    </ClInclude>
    <ClInclude Include="src\Level.h">
      <Filter>Header Files</Filter>
    </ClInclude>
    <ClInclude Include="src\render\Texture.h">
      <Filter>Header Files</Filter>
    </ClInclude>
    <ClInclude Include="src\render\Material.h">
      <Filter>Header Files</Filter>
    </ClInclude>
    <ClInclude Include="src\render\RenderPass.h">
      <Filter>Header Files</Filter>
    </ClInclude>
    <ClInclude Include="src\Gameplay\Object.h">
      <Filter>Header Files</Filter>
    </ClInclude>
    <ClInclude Include="src\Gameplay\Actor.h">
      <Filter>Header Files</Filter>
    </ClInclude>
    <ClInclude Include="src\Gameplay\ActorComponent.h">
      <Filter>Header Files</Filter>
    </ClInclude>
    <ClInclude Include="src\StaticMeshActor.h">
      <Filter>Header Files</Filter>
    </ClInclude>
    <ClInclude Include="src\render\Text.h">
      <Filter>Header Files</Filter>
    </ClInclude>
    <ClInclude Include="src\render\Loader.h">
      <Filter>Header Files</Filter>
    </ClInclude>
    <ClInclude Include="src\render\pipeline.h">
      <Filter>Header Files</Filter>
    </ClInclude>
    <ClInclude Include="src\render\Samplers.h">
      <Filter>Header Files</Filter>
    </ClInclude>
    <ClInclude Include="src\render\Heap.h">
      <Filter>Header Files</Filter>
    </ClInclude>
    <ClInclude Include="src\render\UIPass.h">
      <Filter>Header Files</Filter>
    </ClInclude>
    <ClInclude Include="src\render\GeometryPass.h">
      <Filter>Header Files</Filter>
    </ClInclude>
    <ClInclude Include="src\render\DebugRay.h">
      <Filter>Header Files</Filter>
    </ClInclude>
    <ClInclude Include="src\Math\Graph.h">
      <Filter>Header Files</Filter>
    </ClInclude>
    <ClInclude Include="src\render\ShaderParameters.h">
      <Filter>Header Files</Filter>
    </ClInclude>
    <ClInclude Include="src\render\PostPass.h">
      <Filter>Header Files</Filter>
    </ClInclude>
    <ClInclude Include="src\Asset.h">
      <Filter>Header Files</Filter>
    </ClInclude>
  </ItemGroup>
  <ItemGroup>
    <ClCompile Include="src\Application.cpp">
      <Filter>Source Files</Filter>
    </ClCompile>
    <ClCompile Include="src\Entry.cpp">
      <Filter>Source Files</Filter>
    </ClCompile>
    <ClCompile Include="src\Window.cpp">
      <Filter>Source Files</Filter>
    </ClCompile>
    <ClCompile Include="src\render\Mesh.cpp">
      <Filter>Source Files</Filter>
    </ClCompile>
    <ClCompile Include="src\render\Shader.cpp">
      <Filter>Source Files</Filter>
    </ClCompile>
    <ClCompile Include="src\render\Renderer.cpp">
      <Filter>Source Files</Filter>
    </ClCompile>
    <ClCompile Include="src\render\Resource.cpp">
      <Filter>Source Files</Filter>
    </ClCompile>
    <ClCompile Include="src\PCH.cpp">
      <Filter>Source Files</Filter>
    </ClCompile>
    <ClCompile Include="src\physics\PhysicsScene.cpp">
      <Filter>Source Files</Filter>
    </ClCompile>
    <ClCompile Include="src\InputSystem.cpp">
      <Filter>Source Files</Filter>
    </ClCompile>
    <ClCompile Include="src\UI.cpp">
      <Filter>Source Files</Filter>
    </ClCompile>
    <ClCompile Include="src\Level.cpp">
      <Filter>Source Files</Filter>
    </ClCompile>
    <ClCompile Include="src\render\RenderPass.cpp">
      <Filter>Source Files</Filter>
    </ClCompile>
    <ClCompile Include="src\render\Texture.cpp">
      <Filter>Source Files</Filter>
    </ClCompile>
    <ClCompile Include="src\Gameplay\Actor.cpp">
      <Filter>Source Files</Filter>
    </ClCompile>
    <ClCompile Include="src\Gameplay\ActorComponent.cpp">
      <Filter>Source Files</Filter>
    </ClCompile>
    <ClCompile Include="src\StaticMeshActor.cpp">
      <Filter>Source Files</Filter>
    </ClCompile>
    <ClCompile Include="src\Controller.cpp">
      <Filter>Source Files</Filter>
    </ClCompile>
    <ClCompile Include="src\render\Text.cpp">
      <Filter>Source Files</Filter>
    </ClCompile>
    <ClCompile Include="src\render\Loader.cpp">
      <Filter>Source Files</Filter>
    </ClCompile>
    <ClCompile Include="src\render\pipeline.cpp">
      <Filter>Source Files</Filter>
    </ClCompile>
    <ClCompile Include="src\render\UIPass.cpp">
      <Filter>Source Files</Filter>
    </ClCompile>
    <ClCompile Include="src\render\GeometryPass.cpp">
      <Filter>Source Files</Filter>
    </ClCompile>
    <ClCompile Include="src\render\DebugRay.cpp">
      <Filter>Source Files</Filter>
    </ClCompile>
    <ClCompile Include="src\render\Material.cpp">
      <Filter>Source Files</Filter>
    </ClCompile>
    <ClCompile Include="src\render\PostPass.cpp">
      <Filter>Source Files</Filter>
    </ClCompile>
    <ClCompile Include="src\Asset.cpp">
      <Filter>Source Files</Filter>
    </ClCompile>
  </ItemGroup>
  <ItemGroup>
    <Text Include="legacy.txt" />
    <Text Include="legacy\legacyImpulse.txt" />
    <Text Include="legacy\OBBVSAABB.txt" />
    <Text Include="legacy\legacyPSO.txt" />
  </ItemGroup>
  <ItemGroup>
    <None Include="packages.config" />
    <None Include="shaders\Common\Scene.hlsli" />
    <None Include="shaders\Common\Object.hlsli" />
    <None Include="shaders\Common\SpaceBindings.hlsli" />
    <None Include="shaders\PBR\PBR_Material.hlsli" />
    <None Include="shaders\PBR\GBuffer_Common.hlsli" />
    <None Include="shaders\Common\VertexLayouts.hlsli" />
    <None Include="shaders\PBR\Shadow.hlsli" />
    <None Include="shaders\PBR\BRDF.hlsli" />
    <None Include="shaders\Common\Math.hlsli" />
    <None Include="shaders\PBR\IBL.hlsli" />
    <None Include="shaders\Common\Random.hlsli" />
    <None Include="shaders\Common\Permutation.hlsli" />
    <None Include="shaders\PBR\PBR_Shading_Common.hlsli" />
    <None Include="shaders\PBR\Lighting.hlsli" />
  </ItemGroup>
</Project>